{
  "requires": true,
  "lockfileVersion": 1,
  "dependencies": {
    "@types/node": {
      "version": "16.4.10",
      "resolved": "https://repo.huaweicloud.com/repository/npm/@types/node/-/node-16.4.10.tgz",
      "integrity": "sha512-TmVHsm43br64js9BqHWqiDZA+xMtbUpI1MBIA0EyiBmoV9pcEYFOSdj5fr6enZNfh4fChh+AGOLIzGwJnkshyQ=="
    },
    "tslib": {
      "version": "2.3.0",
      "resolved": "https://repo.huaweicloud.com/repository/npm/tslib/-/tslib-2.3.0.tgz",
      "integrity": "sha512-N82ooyxVNm6h1riLCoyS9e3fuJ3AMG2zIZs2Gd1ATcSFjSA23Q0fzjjZeh0jbJvWVDZ0cJT8yaNNaaXHzueNjg=="
    }
  }
}
